
Microsoft Visual Studio Solution File, Format Version 12.00
# Visual Studio Version 16
VisualStudioVersion = 16.0.32106.194
MinimumVisualStudioVersion = 10.0.40219.1
Project("{FAE04EC0-301F-11D3-BF4B-00C04F79EFBC}") = "NandniWeb", "NandniWeb\NandniWeb.csproj", "{8071D01A-9F00-4040-8394-38C5F8B8C82E}"
EndProject
Global
	GlobalSection(SolutionConfigurationPlatforms) = preSolution
		Debug|Any CPU = Debug|Any CPU
		Release|Any CPU = Release|Any CPU
	EndGlobalSection
	GlobalSection(ProjectConfigurationPlatforms) = postSolution
		{8071D01A-9F00-4040-8394-38C5F8B8C82E}.Debug|Any CPU.ActiveCfg = Debug|Any CPU
		{8071D01A-9F00-4040-8394-38C5F8B8C82E}.Debug|Any CPU.Build.0 = Debug|Any CPU
		{8071D01A-9F00-4040-8394-38C5F8B8C82E}.Release|Any CPU.ActiveCfg = Release|Any CPU
		{8071D01A-9F00-4040-8394-38C5F8B8C82E}.Release|Any CPU.Build.0 = Release|Any CPU
	EndGlobalSection
	GlobalSection(SolutionProperties) = preSolution
		HideSolutionNode = FALSE
	EndGlobalSection
	GlobalSection(ExtensibilityGlobals) = postSolution
		SolutionGuid = {80880EA8-371E-415B-96F2-79B5101E43AE}
	EndGlobalSection
EndGlobal
